
Microsoft Visual Studio Solution File, Format Version 12.00
# Visual Studio Version 16
VisualStudioVersion = 16.0.31624.102
MinimumVisualStudioVersion = 10.0.40219.1
Project("{FAE04EC0-301F-11D3-BF4B-00C04F79EFBC}") = "RestWithASPNETUdemy", "RestWithASPNETUdemy\RestWithASPNETUdemy.csproj", "{24CCB104-C21B-4352-A596-3944114F29B0}"
EndProject
Global
	GlobalSection(SolutionConfigurationPlatforms) = preSolution
		Debug|Any CPU = Debug|Any CPU
		Release|Any CPU = Release|Any CPU
	EndGlobalSection
	GlobalSection(ProjectConfigurationPlatforms) = postSolution
		{24CCB104-C21B-4352-A596-3944114F29B0}.Debug|Any CPU.ActiveCfg = Debug|Any CPU
		{24CCB104-C21B-4352-A596-3944114F29B0}.Debug|Any CPU.Build.0 = Debug|Any CPU
		{24CCB104-C21B-4352-A596-3944114F29B0}.Release|Any CPU.ActiveCfg = Release|Any CPU
		{24CCB104-C21B-4352-A596-3944114F29B0}.Release|Any CPU.Build.0 = Release|Any CPU
	EndGlobalSection
	GlobalSection(SolutionProperties) = preSolution
		HideSolutionNode = FALSE
	EndGlobalSection
	GlobalSection(ExtensibilityGlobals) = postSolution
		SolutionGuid = {A10C1325-DEE8-4813-85BD-1F4273D40DFE}
	EndGlobalSection
EndGlobal
